# This file is automatically @generated by Cargo.
# It is not intended for manual editing.
version = 4

[[package]]
name = "edgel"
version = "0.1.0"
dependencies = [
 "edgelvm",
]

[[package]]
name = "edgelvm"
version = "0.1.0"

[[package]]
name = "goldedge-browser"
version = "0.1.0"
dependencies = [
 "edgelvm",
]
